
Microsoft Visual Studio Solution File, Format Version 12.00
# Visual Studio Version 17
VisualStudioVersion = 17.10.35027.167
MinimumVisualStudioVersion = 10.0.40219.1
Project("{FAE04EC0-301F-11D3-BF4B-00C04F79EFBC}") = "Instrumento de Valoracion  de la familia", "Instrumento de Valoracion  de la familia.csproj", "{B6436758-FB60-4C08-8055-5ABE48ABC16A}"
EndProject
Global
	GlobalSection(SolutionConfigurationPlatforms) = preSolution
		Debug|Any CPU = Debug|Any CPU
		Release|Any CPU = Release|Any CPU
	EndGlobalSection
	GlobalSection(ProjectConfigurationPlatforms) = postSolution
		{B6436758-FB60-4C08-8055-5ABE48ABC16A}.Debug|Any CPU.ActiveCfg = Debug|Any CPU
		{B6436758-FB60-4C08-8055-5ABE48ABC16A}.Debug|Any CPU.Build.0 = Debug|Any CPU
		{B6436758-FB60-4C08-8055-5ABE48ABC16A}.Release|Any CPU.ActiveCfg = Release|Any CPU
		{B6436758-FB60-4C08-8055-5ABE48ABC16A}.Release|Any CPU.Build.0 = Release|Any CPU
	EndGlobalSection
	GlobalSection(SolutionProperties) = preSolution
		HideSolutionNode = FALSE
	EndGlobalSection
	GlobalSection(ExtensibilityGlobals) = postSolution
		SolutionGuid = {BE6D12FC-07AE-4576-A281-C3B29AA0EEF9}
	EndGlobalSection
EndGlobal
